<?xml version="1.0" encoding="utf-8"?>
<Project ToolsVersion="4.0" xmlns="http://schemas.microsoft.com/developer/msbuild/2003">
  <ItemGroup>
    <Filter Include="Source Files">
      <UniqueIdentifier>{4FC737F1-C7A5-4376-A066-2A32D752A2FF}</UniqueIdentifier>
      <Extensions>cpp;c;cc;cxx;c++;cppm;ixx;def;odl;idl;hpj;bat;asm;asmx</Extensions>
    </Filter>
    <Filter Include="Header Files">
      <UniqueIdentifier>{93995380-89BD-4b04-88EB-625FBE52EBFB}</UniqueIdentifier>
      <Extensions>h;hh;hpp;hxx;h++;hm;inl;inc;ipp;xsd</Extensions>
    </Filter>
    <Filter Include="Source Files\GameObjects">
      <UniqueIdentifier>{39c582b9-64e6-443f-8a23-0a18e5f9dea9}</UniqueIdentifier>
    </Filter>
    <Filter Include="Header Files\GameObjects">
      <UniqueIdentifier>{0bf01449-5c85-4c60-b9f7-21a6f42aa00d}</UniqueIdentifier>
    </Filter>
    <Filter Include="Header Files\GameObjects\Material Objects">
      <UniqueIdentifier>{b2e89910-e3b6-40ca-8459-0ecdd65129d9}</UniqueIdentifier>
    </Filter>
    <Filter Include="Header Files\GameObjects\Material Objects\ChessPieces">
      <UniqueIdentifier>{f09fb402-fc11-41f7-8bd3-b9c7580837ee}</UniqueIdentifier>
    </Filter>
    <Filter Include="Header Files\GameObjects\Immaterial Objects">
      <UniqueIdentifier>{8a7629b7-37eb-4fbb-858b-0ded7ba16459}</UniqueIdentifier>
    </Filter>
    <Filter Include="Header Files\GameObjects\Material Objects\Squares">
      <UniqueIdentifier>{b995b70b-cf10-4825-ae27-22d96139c5f7}</UniqueIdentifier>
    </Filter>
    <Filter Include="Header Files\GameStates">
      <UniqueIdentifier>{19cf9cc8-1f11-40bd-a9f5-43838ee2e319}</UniqueIdentifier>
    </Filter>
    <Filter Include="Source Files\GameObjects\Material Objects">
      <UniqueIdentifier>{833d78f8-3f0f-474c-950d-f987e17b6494}</UniqueIdentifier>
    </Filter>
    <Filter Include="Source Files\GameObjects\Material Objects\ChessPieces">
      <UniqueIdentifier>{26ea5405-83ee-4b73-94fd-8292668d04d3}</UniqueIdentifier>
    </Filter>
    <Filter Include="Source Files\GameObjects\Material Objects\Squares">
      <UniqueIdentifier>{676fe041-7523-486c-b7c1-866a8d4ad608}</UniqueIdentifier>
    </Filter>
    <Filter Include="Source Files\GameObjects\Immaterial Objects">
      <UniqueIdentifier>{475255ac-cde1-4143-b75a-33ad563e2a53}</UniqueIdentifier>
    </Filter>
    <Filter Include="Source Files\GameStates">
      <UniqueIdentifier>{f6085461-9c75-4369-952c-4a6744b38dba}</UniqueIdentifier>
    </Filter>
    <Filter Include="Header Files\Events">
      <UniqueIdentifier>{03051e38-6e6f-4d05-b1cf-d14762eb7aee}</UniqueIdentifier>
    </Filter>
  </ItemGroup>
  <ItemGroup>
    <ClCompile Include="main.cpp">
      <Filter>Source Files</Filter>
    </ClCompile>
    <ClCompile Include="pawn.cpp">
      <Filter>Source Files\GameObjects\Material Objects\ChessPieces</Filter>
    </ClCompile>
    <ClCompile Include="chesspiece.cpp">
      <Filter>Source Files\GameObjects\Material Objects\ChessPieces</Filter>
    </ClCompile>
    <ClCompile Include="king.cpp">
      <Filter>Source Files\GameObjects\Material Objects\ChessPieces</Filter>
    </ClCompile>
    <ClCompile Include="queen.cpp">
      <Filter>Source Files\GameObjects\Material Objects\ChessPieces</Filter>
    </ClCompile>
    <ClCompile Include="rook.cpp">
      <Filter>Source Files\GameObjects\Material Objects\ChessPieces</Filter>
    </ClCompile>
    <ClCompile Include="square.cpp">
      <Filter>Source Files\GameObjects\Material Objects\Squares</Filter>
    </ClCompile>
    <ClCompile Include="blackplayer.cpp">
      <Filter>Source Files\GameObjects\Immaterial Objects</Filter>
    </ClCompile>
    <ClCompile Include="whiteplayer.cpp">
      <Filter>Source Files\GameObjects\Immaterial Objects</Filter>
    </ClCompile>
    <ClCompile Include="player.cpp">
      <Filter>Source Files\GameObjects\Immaterial Objects</Filter>
    </ClCompile>
    <ClCompile Include="game.cpp">
      <Filter>Source Files\GameStates</Filter>
    </ClCompile>
    <ClCompile Include="menu.cpp">
      <Filter>Source Files\GameStates</Filter>
    </ClCompile>
    <ClCompile Include="bishop.cpp">
      <Filter>Source Files\GameObjects\Material Objects\ChessPieces</Filter>
    </ClCompile>
    <ClCompile Include="knight.cpp">
      <Filter>Source Files\GameObjects\Material Objects\ChessPieces</Filter>
    </ClCompile>
    <ClCompile Include="chessboard.cpp">
      <Filter>Source Files\GameObjects</Filter>
    </ClCompile>
  </ItemGroup>
  <ItemGroup>
    <ClInclude Include="global.h">
      <Filter>Header Files</Filter>
    </ClInclude>
    <ClInclude Include="gameobject.h">
      <Filter>Header Files\GameObjects</Filter>
    </ClInclude>
    <ClInclude Include="chesspiece.h">
      <Filter>Header Files\GameObjects\Material Objects\ChessPieces</Filter>
    </ClInclude>
    <ClInclude Include="pawn.h">
      <Filter>Header Files\GameObjects\Material Objects\ChessPieces</Filter>
    </ClInclude>
    <ClInclude Include="king.h">
      <Filter>Header Files\GameObjects\Material Objects\ChessPieces</Filter>
    </ClInclude>
    <ClInclude Include="rook.h">
      <Filter>Header Files\GameObjects\Material Objects\ChessPieces</Filter>
    </ClInclude>
    <ClInclude Include="queen.h">
      <Filter>Header Files\GameObjects\Material Objects\ChessPieces</Filter>
    </ClInclude>
    <ClInclude Include="debug.h">
      <Filter>Header Files</Filter>
    </ClInclude>
    <ClInclude Include="material.h">
      <Filter>Header Files\GameObjects\Material Objects</Filter>
    </ClInclude>
    <ClInclude Include="square.h">
      <Filter>Header Files\GameObjects\Material Objects\Squares</Filter>
    </ClInclude>
    <ClInclude Include="whiteplayer.h">
      <Filter>Header Files\GameObjects\Immaterial Objects</Filter>
    </ClInclude>
    <ClInclude Include="blackplayer.h">
      <Filter>Header Files\GameObjects\Immaterial Objects</Filter>
    </ClInclude>
    <ClInclude Include="player.h">
      <Filter>Header Files\GameObjects\Immaterial Objects</Filter>
    </ClInclude>
    <ClInclude Include="menu.h">
      <Filter>Header Files\GameStates</Filter>
    </ClInclude>
    <ClInclude Include="game.h">
      <Filter>Header Files\GameStates</Filter>
    </ClInclude>
    <ClInclude Include="soundhandler.h">
      <Filter>Header Files\Events</Filter>
    </ClInclude>
    <ClInclude Include="immaterial.h">
      <Filter>Header Files\GameObjects\Immaterial Objects</Filter>
    </ClInclude>
    <ClInclude Include="chessboard.h">
      <Filter>Header Files\GameObjects</Filter>
    </ClInclude>
    <ClInclude Include="bishop.h">
      <Filter>Header Files\GameObjects\Material Objects\ChessPieces</Filter>
    </ClInclude>
    <ClInclude Include="knight.h">
      <Filter>Header Files\GameObjects\Material Objects\ChessPieces</Filter>
    </ClInclude>
  </ItemGroup>
</Project>